
Microsoft Visual Studio Solution File, Format Version 12.00
# Visual Studio Version 16
VisualStudioVersion = 16.0.29905.134
MinimumVisualStudioVersion = 10.0.40219.1
Project("{FAE04EC0-301F-11D3-BF4B-00C04F79EFBC}") = "TrueDynamicWeb", "TrueDynamicWeb.csproj", "{7545AB5E-C6CF-41F4-9894-7A1EB98DBAC0}"
EndProject
Global
	GlobalSection(SolutionConfigurationPlatforms) = preSolution
		Debug|Any CPU = Debug|Any CPU
		Release|Any CPU = Release|Any CPU
	EndGlobalSection
	GlobalSection(ProjectConfigurationPlatforms) = postSolution
		{7545AB5E-C6CF-41F4-9894-7A1EB98DBAC0}.Debug|Any CPU.ActiveCfg = Debug|Any CPU
		{7545AB5E-C6CF-41F4-9894-7A1EB98DBAC0}.Debug|Any CPU.Build.0 = Debug|Any CPU
		{7545AB5E-C6CF-41F4-9894-7A1EB98DBAC0}.Release|Any CPU.ActiveCfg = Release|Any CPU
		{7545AB5E-C6CF-41F4-9894-7A1EB98DBAC0}.Release|Any CPU.Build.0 = Release|Any CPU
	EndGlobalSection
	GlobalSection(SolutionProperties) = preSolution
		HideSolutionNode = FALSE
	EndGlobalSection
	GlobalSection(ExtensibilityGlobals) = postSolution
		SolutionGuid = {B09A50D1-913F-48DA-BABA-A3DCE0F8A43A}
	EndGlobalSection
EndGlobal
